
Microsoft Visual Studio Solution File, Format Version 12.00
# Visual Studio 15
VisualStudioVersion = 15.0.28010.2003
MinimumVisualStudioVersion = 10.0.40219.1
Project("{FAE04EC0-301F-11D3-BF4B-00C04F79EFBC}") = "ORM.Web", "ORM.Web\ORM.Web.csproj", "{B77FA135-7692-476C-97DB-40BBD76982E8}"
EndProject
Global
	GlobalSection(SolutionConfigurationPlatforms) = preSolution
		Debug|Any CPU = Debug|Any CPU
		Release|Any CPU = Release|Any CPU
	EndGlobalSection
	GlobalSection(ProjectConfigurationPlatforms) = postSolution
		{B77FA135-7692-476C-97DB-40BBD76982E8}.Debug|Any CPU.ActiveCfg = Debug|Any CPU
		{B77FA135-7692-476C-97DB-40BBD76982E8}.Debug|Any CPU.Build.0 = Debug|Any CPU
		{B77FA135-7692-476C-97DB-40BBD76982E8}.Release|Any CPU.ActiveCfg = Release|Any CPU
		{B77FA135-7692-476C-97DB-40BBD76982E8}.Release|Any CPU.Build.0 = Release|Any CPU
	EndGlobalSection
	GlobalSection(SolutionProperties) = preSolution
		HideSolutionNode = FALSE
	EndGlobalSection
	GlobalSection(ExtensibilityGlobals) = postSolution
		SolutionGuid = {4CAA9AB4-0946-443C-9AE4-C326736CAE87}
	EndGlobalSection
EndGlobal
